
Microsoft Visual Studio Solution File, Format Version 12.00
# Visual Studio Version 17
VisualStudioVersion = 17.0.31903.59
MinimumVisualStudioVersion = 10.0.40219.1
Project("{FAE04EC0-301F-11D3-BF4B-00C04F79EFBC}") = "Test.Console", "Test.Console\Test.Console.csproj", "{7319B917-C392-4D11-9D1D-80D828FE7F7C}"
EndProject
Project("{FAE04EC0-301F-11D3-BF4B-00C04F79EFBC}") = "Test.Lib", "Test.Lib\Test.Lib.csproj", "{283237EE-B464-4B7A-B701-B304A1B56C18}"
EndProject
Project("{FAE04EC0-301F-11D3-BF4B-00C04F79EFBC}") = "Test.Web", "Test.Web\Test.Web.csproj", "{43FEDE79-D485-4F22-8448-5FB7F46C1876}"
EndProject
Project("{FAE04EC0-301F-11D3-BF4B-00C04F79EFBC}") = "Utils.Text", "Utils.Text\Utils.Text.csproj", "{10481233-7186-4268-AB00-66F6DE0DBB6A}"
EndProject
Project("{FAE04EC0-301F-11D3-BF4B-00C04F79EFBC}") = "Utils.Crypto", "Utils.Crypto\Utils.Crypto.csproj", "{5EAFCDD9-3F66-4ADA-971E-81C96E23E62C}"
EndProject
Project("{FAE04EC0-301F-11D3-BF4B-00C04F79EFBC}") = "Services.Rooms", "Services.Rooms\Services.Rooms.csproj", "{2557EC43-6EA2-490F-A192-67ADA5F01F81}"
EndProject
Global
	GlobalSection(SolutionConfigurationPlatforms) = preSolution
		Debug|Any CPU = Debug|Any CPU
		Release|Any CPU = Release|Any CPU
	EndGlobalSection
	GlobalSection(SolutionProperties) = preSolution
		HideSolutionNode = FALSE
	EndGlobalSection
	GlobalSection(ProjectConfigurationPlatforms) = postSolution
		{7319B917-C392-4D11-9D1D-80D828FE7F7C}.Debug|Any CPU.ActiveCfg = Debug|Any CPU
		{7319B917-C392-4D11-9D1D-80D828FE7F7C}.Debug|Any CPU.Build.0 = Debug|Any CPU
		{7319B917-C392-4D11-9D1D-80D828FE7F7C}.Release|Any CPU.ActiveCfg = Release|Any CPU
		{7319B917-C392-4D11-9D1D-80D828FE7F7C}.Release|Any CPU.Build.0 = Release|Any CPU
		{283237EE-B464-4B7A-B701-B304A1B56C18}.Debug|Any CPU.ActiveCfg = Debug|Any CPU
		{283237EE-B464-4B7A-B701-B304A1B56C18}.Debug|Any CPU.Build.0 = Debug|Any CPU
		{283237EE-B464-4B7A-B701-B304A1B56C18}.Release|Any CPU.ActiveCfg = Release|Any CPU
		{283237EE-B464-4B7A-B701-B304A1B56C18}.Release|Any CPU.Build.0 = Release|Any CPU
		{43FEDE79-D485-4F22-8448-5FB7F46C1876}.Debug|Any CPU.ActiveCfg = Debug|Any CPU
		{43FEDE79-D485-4F22-8448-5FB7F46C1876}.Debug|Any CPU.Build.0 = Debug|Any CPU
		{43FEDE79-D485-4F22-8448-5FB7F46C1876}.Release|Any CPU.ActiveCfg = Release|Any CPU
		{43FEDE79-D485-4F22-8448-5FB7F46C1876}.Release|Any CPU.Build.0 = Release|Any CPU
		{10481233-7186-4268-AB00-66F6DE0DBB6A}.Debug|Any CPU.ActiveCfg = Debug|Any CPU
		{10481233-7186-4268-AB00-66F6DE0DBB6A}.Debug|Any CPU.Build.0 = Debug|Any CPU
		{10481233-7186-4268-AB00-66F6DE0DBB6A}.Release|Any CPU.ActiveCfg = Release|Any CPU
		{10481233-7186-4268-AB00-66F6DE0DBB6A}.Release|Any CPU.Build.0 = Release|Any CPU
		{5EAFCDD9-3F66-4ADA-971E-81C96E23E62C}.Debug|Any CPU.ActiveCfg = Debug|Any CPU
		{5EAFCDD9-3F66-4ADA-971E-81C96E23E62C}.Debug|Any CPU.Build.0 = Debug|Any CPU
		{5EAFCDD9-3F66-4ADA-971E-81C96E23E62C}.Release|Any CPU.ActiveCfg = Release|Any CPU
		{5EAFCDD9-3F66-4ADA-971E-81C96E23E62C}.Release|Any CPU.Build.0 = Release|Any CPU
		{2557EC43-6EA2-490F-A192-67ADA5F01F81}.Debug|Any CPU.ActiveCfg = Debug|Any CPU
		{2557EC43-6EA2-490F-A192-67ADA5F01F81}.Debug|Any CPU.Build.0 = Debug|Any CPU
		{2557EC43-6EA2-490F-A192-67ADA5F01F81}.Release|Any CPU.ActiveCfg = Release|Any CPU
		{2557EC43-6EA2-490F-A192-67ADA5F01F81}.Release|Any CPU.Build.0 = Release|Any CPU
	EndGlobalSection
EndGlobal
